
Microsoft Visual Studio Solution File, Format Version 12.00
# Visual Studio Version 17
VisualStudioVersion = 17.10.35013.160
MinimumVisualStudioVersion = 10.0.40219.1
Project("{FAE04EC0-301F-11D3-BF4B-00C04F79EFBC}") = "API_MVC", "API_MVC.csproj", "{07B37BB6-EEC4-4047-B54F-A6613C0EF893}"
EndProject
Global
	GlobalSection(SolutionConfigurationPlatforms) = preSolution
		Debug|Any CPU = Debug|Any CPU
		Release|Any CPU = Release|Any CPU
	EndGlobalSection
	GlobalSection(ProjectConfigurationPlatforms) = postSolution
		{07B37BB6-EEC4-4047-B54F-A6613C0EF893}.Debug|Any CPU.ActiveCfg = Debug|Any CPU
		{07B37BB6-EEC4-4047-B54F-A6613C0EF893}.Debug|Any CPU.Build.0 = Debug|Any CPU
		{07B37BB6-EEC4-4047-B54F-A6613C0EF893}.Release|Any CPU.ActiveCfg = Release|Any CPU
		{07B37BB6-EEC4-4047-B54F-A6613C0EF893}.Release|Any CPU.Build.0 = Release|Any CPU
	EndGlobalSection
	GlobalSection(SolutionProperties) = preSolution
		HideSolutionNode = FALSE
	EndGlobalSection
	GlobalSection(ExtensibilityGlobals) = postSolution
		SolutionGuid = {A3318C4A-B954-408E-9050-06FAB4833928}
	EndGlobalSection
EndGlobal
